// !$*UTF8*$!
{
	archiveVersion = 1;
	classes = {
	};
	objectVersion = 50;
	objects = {

/* Begin PBXBuildFile section */
		28111F4D2122445300CA324F /* MainCoordinator.swift in Sources */ = {isa = PBXBuildFile; fileRef = 28111F4C2122445300CA324F /* MainCoordinator.swift */; };
		28111F512122507A00CA324F /* PostsCoordinator.swift in Sources */ = {isa = PBXBuildFile; fileRef = 28111F502122507A00CA324F /* PostsCoordinator.swift */; };
		28111F532122529F00CA324F /* PostsViewController.swift in Sources */ = {isa = PBXBuildFile; fileRef = 28111F522122529F00CA324F /* PostsViewController.swift */; };
		28111F55212255C300CA324F /* PostDetailsCoordinator.swift in Sources */ = {isa = PBXBuildFile; fileRef = 28111F54212255C300CA324F /* PostDetailsCoordinator.swift */; };
		28111F57212258E600CA324F /* PostsDataSource.swift in Sources */ = {isa = PBXBuildFile; fileRef = 28111F56212258E600CA324F /* PostsDataSource.swift */; };
		2827CCDA212F0A1C008023EB /* FullscreenPhotoCoordinator.swift in Sources */ = {isa = PBXBuildFile; fileRef = 2827CCD9212F0A1C008023EB /* FullscreenPhotoCoordinator.swift */; };
		2827CCDC212F0A91008023EB /* FullscreenPhotoViewController.swift in Sources */ = {isa = PBXBuildFile; fileRef = 2827CCDB212F0A91008023EB /* FullscreenPhotoViewController.swift */; };
		286DE1DE212241E600F2ED03 /* Coordinator.swift in Sources */ = {isa = PBXBuildFile; fileRef = 286DE1DD212241E600F2ED03 /* Coordinator.swift */; };
		286DE1E02122424600F2ED03 /* Storyboarded.swift in Sources */ = {isa = PBXBuildFile; fileRef = 286DE1DF2122424600F2ED03 /* Storyboarded.swift */; };
		28902E06212C7D2C008C0C9F /* PostAlbumHeaderView.swift in Sources */ = {isa = PBXBuildFile; fileRef = 28902E05212C7D2C008C0C9F /* PostAlbumHeaderView.swift */; };
		28902E09212DCEAE008C0C9F /* PostDetailsHeaderView.swift in Sources */ = {isa = PBXBuildFile; fileRef = 28902E08212DCEAE008C0C9F /* PostDetailsHeaderView.swift */; };
		28CBC2CD2131571B0045A337 /* PostUIFeedbackViewController.swift in Sources */ = {isa = PBXBuildFile; fileRef = 28CBC2CC2131571B0045A337 /* PostUIFeedbackViewController.swift */; };
		28CBC2CF2133F4030045A337 /* String.swift in Sources */ = {isa = PBXBuildFile; fileRef = 28CBC2CE2133F4030045A337 /* String.swift */; };
		28D6F2092127050400CD6090 /* PostAlbumCollectionViewCell.swift in Sources */ = {isa = PBXBuildFile; fileRef = 28D6F2082127050400CD6090 /* PostAlbumCollectionViewCell.swift */; };
		28D6F20D2127427000CD6090 /* PostAlbumCollectionViewFlowLayout.swift in Sources */ = {isa = PBXBuildFile; fileRef = 28D6F20C2127427000CD6090 /* PostAlbumCollectionViewFlowLayout.swift */; };
		28D6F215212BFDB600CD6090 /* PhotoController.swift in Sources */ = {isa = PBXBuildFile; fileRef = 28D6F214212BFDB600CD6090 /* PhotoController.swift */; };
		28DD3B272121EDF200B05A4B /* AppDelegate.swift in Sources */ = {isa = PBXBuildFile; fileRef = 28DD3B262121EDF200B05A4B /* AppDelegate.swift */; };
		28DD3B2A2121EDF200B05A4B /* Posts.xcdatamodeld in Sources */ = {isa = PBXBuildFile; fileRef = 28DD3B282121EDF200B05A4B /* Posts.xcdatamodeld */; };
		28DD3B2E2121EDF200B05A4B /* PostDetailsViewController.swift in Sources */ = {isa = PBXBuildFile; fileRef = 28DD3B2D2121EDF200B05A4B /* PostDetailsViewController.swift */; };
		28DD3B312121EDF200B05A4B /* Main.storyboard in Resources */ = {isa = PBXBuildFile; fileRef = 28DD3B2F2121EDF200B05A4B /* Main.storyboard */; };
		28DD3B332121EDF300B05A4B /* Assets.xcassets in Resources */ = {isa = PBXBuildFile; fileRef = 28DD3B322121EDF300B05A4B /* Assets.xcassets */; };
		28DD3B362121EDF300B05A4B /* LaunchScreen.storyboard in Resources */ = {isa = PBXBuildFile; fileRef = 28DD3B342121EDF300B05A4B /* LaunchScreen.storyboard */; };
		28ECB12E2123215400764592 /* APIController.swift in Sources */ = {isa = PBXBuildFile; fileRef = 28ECB12D2123215400764592 /* APIController.swift */; };
		28ECB130212321E500764592 /* APIError.swift in Sources */ = {isa = PBXBuildFile; fileRef = 28ECB12F212321E500764592 /* APIError.swift */; };
		28ECB1322123220C00764592 /* APIResponse.swift in Sources */ = {isa = PBXBuildFile; fileRef = 28ECB1312123220C00764592 /* APIResponse.swift */; };
		28ECB134212324EB00764592 /* APIResource.swift in Sources */ = {isa = PBXBuildFile; fileRef = 28ECB133212324EB00764592 /* APIResource.swift */; };
		28ECB13621232FF600764592 /* APIRequest.swift in Sources */ = {isa = PBXBuildFile; fileRef = 28ECB13521232FF600764592 /* APIRequest.swift */; };
		28ECB139212348C700764592 /* ModelController.swift in Sources */ = {isa = PBXBuildFile; fileRef = 28ECB138212348C700764592 /* ModelController.swift */; };
		28ECB13C21234A2600764592 /* UIAlertController.swift in Sources */ = {isa = PBXBuildFile; fileRef = 28ECB13B21234A2600764592 /* UIAlertController.swift */; };
		28ECB13E2123509C00764592 /* Post.swift in Sources */ = {isa = PBXBuildFile; fileRef = 28ECB13D2123509C00764592 /* Post.swift */; };
		28ECB1402123595300764592 /* User.swift in Sources */ = {isa = PBXBuildFile; fileRef = 28ECB13F2123595300764592 /* User.swift */; };
		28ECB1422123595B00764592 /* Album.swift in Sources */ = {isa = PBXBuildFile; fileRef = 28ECB1412123595B00764592 /* Album.swift */; };
		28ECB1442123596000764592 /* Photo.swift in Sources */ = {isa = PBXBuildFile; fileRef = 28ECB1432123596000764592 /* Photo.swift */; };
		28FC07AD21257A6E00C6EE7B /* PostTableViewCell.swift in Sources */ = {isa = PBXBuildFile; fileRef = 28FC07AC21257A6E00C6EE7B /* PostTableViewCell.swift */; };
		28FC07B1212590AE00C6EE7B /* ModelControllerDelegate.swift in Sources */ = {isa = PBXBuildFile; fileRef = 28FC07B0212590AE00C6EE7B /* ModelControllerDelegate.swift */; };
		28FC07B32125995700C6EE7B /* NSPointerArray.swift in Sources */ = {isa = PBXBuildFile; fileRef = 28FC07B22125995700C6EE7B /* NSPointerArray.swift */; };
		28FC07B52125ADA600C6EE7B /* PostSelectedDelegate.swift in Sources */ = {isa = PBXBuildFile; fileRef = 28FC07B42125ADA600C6EE7B /* PostSelectedDelegate.swift */; };
		28FC07BF2125E79400C6EE7B /* PostDetailsDataSource.swift in Sources */ = {isa = PBXBuildFile; fileRef = 28FC07BE2125E79400C6EE7B /* PostDetailsDataSource.swift */; };
		28FC07C12126CD7700C6EE7B /* NoPostDetailsViewController.swift in Sources */ = {isa = PBXBuildFile; fileRef = 28FC07C02126CD7700C6EE7B /* NoPostDetailsViewController.swift */; };
/* End PBXBuildFile section */

/* Begin PBXFileReference section */
		28111F4C2122445300CA324F /* MainCoordinator.swift */ = {isa = PBXFileReference; lastKnownFileType = sourcecode.swift; path = MainCoordinator.swift; sourceTree = "<group>"; };
		28111F502122507A00CA324F /* PostsCoordinator.swift */ = {isa = PBXFileReference; lastKnownFileType = sourcecode.swift; path = PostsCoordinator.swift; sourceTree = "<group>"; };
		28111F522122529F00CA324F /* PostsViewController.swift */ = {isa = PBXFileReference; lastKnownFileType = sourcecode.swift; path = PostsViewController.swift; sourceTree = "<group>"; };
		28111F54212255C300CA324F /* PostDetailsCoordinator.swift */ = {isa = PBXFileReference; lastKnownFileType = sourcecode.swift; path = PostDetailsCoordinator.swift; sourceTree = "<group>"; };
		28111F56212258E600CA324F /* PostsDataSource.swift */ = {isa = PBXFileReference; lastKnownFileType = sourcecode.swift; path = PostsDataSource.swift; sourceTree = "<group>"; };
		2827CCD9212F0A1C008023EB /* FullscreenPhotoCoordinator.swift */ = {isa = PBXFileReference; lastKnownFileType = sourcecode.swift; path = FullscreenPhotoCoordinator.swift; sourceTree = "<group>"; };
		2827CCDB212F0A91008023EB /* FullscreenPhotoViewController.swift */ = {isa = PBXFileReference; lastKnownFileType = sourcecode.swift; path = FullscreenPhotoViewController.swift; sourceTree = "<group>"; };
		286DE1DD212241E600F2ED03 /* Coordinator.swift */ = {isa = PBXFileReference; lastKnownFileType = sourcecode.swift; path = Coordinator.swift; sourceTree = "<group>"; };
		286DE1DF2122424600F2ED03 /* Storyboarded.swift */ = {isa = PBXFileReference; lastKnownFileType = sourcecode.swift; path = Storyboarded.swift; sourceTree = "<group>"; };
		28902E05212C7D2C008C0C9F /* PostAlbumHeaderView.swift */ = {isa = PBXFileReference; lastKnownFileType = sourcecode.swift; path = PostAlbumHeaderView.swift; sourceTree = "<group>"; };
		28902E08212DCEAE008C0C9F /* PostDetailsHeaderView.swift */ = {isa = PBXFileReference; lastKnownFileType = sourcecode.swift; path = PostDetailsHeaderView.swift; sourceTree = "<group>"; };
		28CBC2CC2131571B0045A337 /* PostUIFeedbackViewController.swift */ = {isa = PBXFileReference; lastKnownFileType = sourcecode.swift; path = PostUIFeedbackViewController.swift; sourceTree = "<group>"; };
		28CBC2CE2133F4030045A337 /* String.swift */ = {isa = PBXFileReference; lastKnownFileType = sourcecode.swift; path = String.swift; sourceTree = "<group>"; };
		28D6F2082127050400CD6090 /* PostAlbumCollectionViewCell.swift */ = {isa = PBXFileReference; lastKnownFileType = sourcecode.swift; path = PostAlbumCollectionViewCell.swift; sourceTree = "<group>"; };
		28D6F20C2127427000CD6090 /* PostAlbumCollectionViewFlowLayout.swift */ = {isa = PBXFileReference; lastKnownFileType = sourcecode.swift; path = PostAlbumCollectionViewFlowLayout.swift; sourceTree = "<group>"; };
		28D6F214212BFDB600CD6090 /* PhotoController.swift */ = {isa = PBXFileReference; lastKnownFileType = sourcecode.swift; path = PhotoController.swift; sourceTree = "<group>"; };
		28DD3B232121EDF200B05A4B /* Sherpany Posts.app */ = {isa = PBXFileReference; explicitFileType = wrapper.application; includeInIndex = 0; path = "Sherpany Posts.app"; sourceTree = BUILT_PRODUCTS_DIR; };
		28DD3B262121EDF200B05A4B /* AppDelegate.swift */ = {isa = PBXFileReference; lastKnownFileType = sourcecode.swift; path = AppDelegate.swift; sourceTree = "<group>"; };
		28DD3B292121EDF200B05A4B /* Sherpany_Posts.xcdatamodel */ = {isa = PBXFileReference; lastKnownFileType = wrapper.xcdatamodel; path = Sherpany_Posts.xcdatamodel; sourceTree = "<group>"; };
		28DD3B2D2121EDF200B05A4B /* PostDetailsViewController.swift */ = {isa = PBXFileReference; lastKnownFileType = sourcecode.swift; path = PostDetailsViewController.swift; sourceTree = "<group>"; };
		28DD3B302121EDF200B05A4B /* Base */ = {isa = PBXFileReference; lastKnownFileType = file.storyboard; name = Base; path = Base.lproj/Main.storyboard; sourceTree = "<group>"; };
		28DD3B322121EDF300B05A4B /* Assets.xcassets */ = {isa = PBXFileReference; lastKnownFileType = folder.assetcatalog; path = Assets.xcassets; sourceTree = "<group>"; };
		28DD3B352121EDF300B05A4B /* Base */ = {isa = PBXFileReference; lastKnownFileType = file.storyboard; name = Base; path = Base.lproj/LaunchScreen.storyboard; sourceTree = "<group>"; };
		28DD3B372121EDF300B05A4B /* Info.plist */ = {isa = PBXFileReference; lastKnownFileType = text.plist.xml; path = Info.plist; sourceTree = "<group>"; };
		28ECB12D2123215400764592 /* APIController.swift */ = {isa = PBXFileReference; lastKnownFileType = sourcecode.swift; path = APIController.swift; sourceTree = "<group>"; };
		28ECB12F212321E500764592 /* APIError.swift */ = {isa = PBXFileReference; lastKnownFileType = sourcecode.swift; path = APIError.swift; sourceTree = "<group>"; };
		28ECB1312123220C00764592 /* APIResponse.swift */ = {isa = PBXFileReference; lastKnownFileType = sourcecode.swift; path = APIResponse.swift; sourceTree = "<group>"; };
		28ECB133212324EB00764592 /* APIResource.swift */ = {isa = PBXFileReference; lastKnownFileType = sourcecode.swift; path = APIResource.swift; sourceTree = "<group>"; };
		28ECB13521232FF600764592 /* APIRequest.swift */ = {isa = PBXFileReference; lastKnownFileType = sourcecode.swift; path = APIRequest.swift; sourceTree = "<group>"; };
		28ECB138212348C700764592 /* ModelController.swift */ = {isa = PBXFileReference; lastKnownFileType = sourcecode.swift; path = ModelController.swift; sourceTree = "<group>"; };
		28ECB13B21234A2600764592 /* UIAlertController.swift */ = {isa = PBXFileReference; lastKnownFileType = sourcecode.swift; path = UIAlertController.swift; sourceTree = "<group>"; };
		28ECB13D2123509C00764592 /* Post.swift */ = {isa = PBXFileReference; lastKnownFileType = sourcecode.swift; path = Post.swift; sourceTree = "<group>"; };
		28ECB13F2123595300764592 /* User.swift */ = {isa = PBXFileReference; lastKnownFileType = sourcecode.swift; path = User.swift; sourceTree = "<group>"; };
		28ECB1412123595B00764592 /* Album.swift */ = {isa = PBXFileReference; lastKnownFileType = sourcecode.swift; path = Album.swift; sourceTree = "<group>"; };
		28ECB1432123596000764592 /* Photo.swift */ = {isa = PBXFileReference; lastKnownFileType = sourcecode.swift; path = Photo.swift; sourceTree = "<group>"; };
		28FC07AC21257A6E00C6EE7B /* PostTableViewCell.swift */ = {isa = PBXFileReference; lastKnownFileType = sourcecode.swift; path = PostTableViewCell.swift; sourceTree = "<group>"; };
		28FC07B0212590AE00C6EE7B /* ModelControllerDelegate.swift */ = {isa = PBXFileReference; lastKnownFileType = sourcecode.swift; path = ModelControllerDelegate.swift; sourceTree = "<group>"; };
		28FC07B22125995700C6EE7B /* NSPointerArray.swift */ = {isa = PBXFileReference; lastKnownFileType = sourcecode.swift; path = NSPointerArray.swift; sourceTree = "<group>"; };
		28FC07B42125ADA600C6EE7B /* PostSelectedDelegate.swift */ = {isa = PBXFileReference; lastKnownFileType = sourcecode.swift; path = PostSelectedDelegate.swift; sourceTree = "<group>"; };
		28FC07BE2125E79400C6EE7B /* PostDetailsDataSource.swift */ = {isa = PBXFileReference; lastKnownFileType = sourcecode.swift; path = PostDetailsDataSource.swift; sourceTree = "<group>"; };
		28FC07C02126CD7700C6EE7B /* NoPostDetailsViewController.swift */ = {isa = PBXFileReference; lastKnownFileType = sourcecode.swift; path = NoPostDetailsViewController.swift; sourceTree = "<group>"; };
/* End PBXFileReference section */

/* Begin PBXFrameworksBuildPhase section */
		28DD3B202121EDF200B05A4B /* Frameworks */ = {
			isa = PBXFrameworksBuildPhase;
			buildActionMask = 2147483647;
			files = (
			);
			runOnlyForDeploymentPostprocessing = 0;
		};
/* End PBXFrameworksBuildPhase section */

/* Begin PBXGroup section */
		280B2CEE212F274D0023D497 /* Flow */ = {
			isa = PBXGroup;
			children = (
				28111F4C2122445300CA324F /* MainCoordinator.swift */,
				2826D8A321354382000D815A /* Post List [master] */,
				2826D8A421354391000D815A /* Post Details [detail] */,
			);
			path = Flow;
			sourceTree = "<group>";
		};
		280B2CEF212F277A0023D497 /* UI */ = {
			isa = PBXGroup;
			children = (
				28111F4E2122505700CA324F /* Post List [master] */,
				28111F4F2122506100CA324F /* Post Details [detail] */,
			);
			path = UI;
			sourceTree = "<group>";
		};
		280B2CF0212F27940023D497 /* Controllers */ = {
			isa = PBXGroup;
			children = (
				28ECB138212348C700764592 /* ModelController.swift */,
				28FC07B0212590AE00C6EE7B /* ModelControllerDelegate.swift */,
				28D6F214212BFDB600CD6090 /* PhotoController.swift */,
				28ECB12C2123211300764592 /* REST API */,
			);
			path = Controllers;
			sourceTree = "<group>";
		};
		28111F4E2122505700CA324F /* Post List [master] */ = {
			isa = PBXGroup;
			children = (
				28111F522122529F00CA324F /* PostsViewController.swift */,
				28FC07B42125ADA600C6EE7B /* PostSelectedDelegate.swift */,
				28FC07AC21257A6E00C6EE7B /* PostTableViewCell.swift */,
				28CBC2CB213156C80045A337 /* Post UI Feedback */,
			);
			path = "Post List [master]";
			sourceTree = "<group>";
		};
		28111F4F2122506100CA324F /* Post Details [detail] */ = {
			isa = PBXGroup;
			children = (
				28FC07C42126D62F00C6EE7B /* No Post */,
				28FC07C32126D62600C6EE7B /* Post Details */,
				2827CCD8212F09EF008023EB /* Fullscreen Photo */,
			);
			path = "Post Details [detail]";
			sourceTree = "<group>";
		};
		2826D8A321354382000D815A /* Post List [master] */ = {
			isa = PBXGroup;
			children = (
				28111F502122507A00CA324F /* PostsCoordinator.swift */,
				28111F56212258E600CA324F /* PostsDataSource.swift */,
			);
			path = "Post List [master]";
			sourceTree = "<group>";
		};
		2826D8A421354391000D815A /* Post Details [detail] */ = {
			isa = PBXGroup;
			children = (
				28111F54212255C300CA324F /* PostDetailsCoordinator.swift */,
				28FC07BE2125E79400C6EE7B /* PostDetailsDataSource.swift */,
				2826D8A521354407000D815A /* Fullscreen Photo */,
			);
			path = "Post Details [detail]";
			sourceTree = "<group>";
		};
		2826D8A521354407000D815A /* Fullscreen Photo */ = {
			isa = PBXGroup;
			children = (
				2827CCD9212F0A1C008023EB /* FullscreenPhotoCoordinator.swift */,
			);
			path = "Fullscreen Photo";
			sourceTree = "<group>";
		};
		2827CCD8212F09EF008023EB /* Fullscreen Photo */ = {
			isa = PBXGroup;
			children = (
				2827CCDB212F0A91008023EB /* FullscreenPhotoViewController.swift */,
			);
			path = "Fullscreen Photo";
			sourceTree = "<group>";
		};
		286DE1DC212241C900F2ED03 /* [Shared] */ = {
			isa = PBXGroup;
			children = (
				286DE1DD212241E600F2ED03 /* Coordinator.swift */,
				286DE1DF2122424600F2ED03 /* Storyboarded.swift */,
				28ECB13A21234A1A00764592 /* Extensions */,
			);
			path = "[Shared]";
			sourceTree = "<group>";
		};
		28CBC2CB213156C80045A337 /* Post UI Feedback */ = {
			isa = PBXGroup;
			children = (
				28CBC2CC2131571B0045A337 /* PostUIFeedbackViewController.swift */,
			);
			path = "Post UI Feedback";
			sourceTree = "<group>";
		};
		28DD3B1A2121EDF200B05A4B = {
			isa = PBXGroup;
			children = (
				28DD3B252121EDF200B05A4B /* Source */,
				28DD3B242121EDF200B05A4B /* Products */,
			);
			sourceTree = "<group>";
		};
		28DD3B242121EDF200B05A4B /* Products */ = {
			isa = PBXGroup;
			children = (
				28DD3B232121EDF200B05A4B /* Sherpany Posts.app */,
			);
			name = Products;
			sourceTree = "<group>";
		};
		28DD3B252121EDF200B05A4B /* Source */ = {
			isa = PBXGroup;
			children = (
				28DD3B262121EDF200B05A4B /* AppDelegate.swift */,
				280B2CEE212F274D0023D497 /* Flow */,
				280B2CEF212F277A0023D497 /* UI */,
				280B2CF0212F27940023D497 /* Controllers */,
				28ECB137212348B300764592 /* Model */,
				286DE1DC212241C900F2ED03 /* [Shared] */,
				28DD3B2F2121EDF200B05A4B /* Main.storyboard */,
				28DD3B342121EDF300B05A4B /* LaunchScreen.storyboard */,
				28DD3B322121EDF300B05A4B /* Assets.xcassets */,
				28DD3B282121EDF200B05A4B /* Posts.xcdatamodeld */,
				28DD3B372121EDF300B05A4B /* Info.plist */,
			);
			path = Source;
			sourceTree = "<group>";
		};
		28ECB12C2123211300764592 /* REST API */ = {
			isa = PBXGroup;
			children = (
				28ECB12D2123215400764592 /* APIController.swift */,
				28ECB133212324EB00764592 /* APIResource.swift */,
				28ECB13521232FF600764592 /* APIRequest.swift */,
				28ECB1312123220C00764592 /* APIResponse.swift */,
				28ECB12F212321E500764592 /* APIError.swift */,
			);
			path = "REST API";
			sourceTree = "<group>";
		};
		28ECB137212348B300764592 /* Model */ = {
			isa = PBXGroup;
			children = (
				28ECB13D2123509C00764592 /* Post.swift */,
				28ECB13F2123595300764592 /* User.swift */,
				28ECB1412123595B00764592 /* Album.swift */,
				28ECB1432123596000764592 /* Photo.swift */,
			);
			path = Model;
			sourceTree = "<group>";
		};
		28ECB13A21234A1A00764592 /* Extensions */ = {
			isa = PBXGroup;
			children = (
				28FC07B22125995700C6EE7B /* NSPointerArray.swift */,
				28ECB13B21234A2600764592 /* UIAlertController.swift */,
				28CBC2CE2133F4030045A337 /* String.swift */,
			);
			path = Extensions;
			sourceTree = "<group>";
		};
		28FC07C32126D62600C6EE7B /* Post Details */ = {
			isa = PBXGroup;
			children = (
				28DD3B2D2121EDF200B05A4B /* PostDetailsViewController.swift */,
				28902E08212DCEAE008C0C9F /* PostDetailsHeaderView.swift */,
				28902E05212C7D2C008C0C9F /* PostAlbumHeaderView.swift */,
				28D6F2082127050400CD6090 /* PostAlbumCollectionViewCell.swift */,
				28D6F20C2127427000CD6090 /* PostAlbumCollectionViewFlowLayout.swift */,
			);
			path = "Post Details";
			sourceTree = "<group>";
		};
		28FC07C42126D62F00C6EE7B /* No Post */ = {
			isa = PBXGroup;
			children = (
				28FC07C02126CD7700C6EE7B /* NoPostDetailsViewController.swift */,
			);
			path = "No Post";
			sourceTree = "<group>";
		};
/* End PBXGroup section */

/* Begin PBXNativeTarget section */
		28DD3B222121EDF200B05A4B /* Sherpany Posts */ = {
			isa = PBXNativeTarget;
			buildConfigurationList = 28DD3B3A2121EDF300B05A4B /* Build configuration list for PBXNativeTarget "Sherpany Posts" */;
			buildPhases = (
				28ECB145212434F500764592 /* TODO / FIXME / WARN / ERROR */,
				28DD3B1F2121EDF200B05A4B /* Sources */,
				28DD3B202121EDF200B05A4B /* Frameworks */,
				28DD3B212121EDF200B05A4B /* Resources */,
			);
			buildRules = (
			);
			dependencies = (
			);
			name = "Sherpany Posts";
			productName = "Sherpany Posts";
			productReference = 28DD3B232121EDF200B05A4B /* Sherpany Posts.app */;
			productType = "com.apple.product-type.application";
		};
/* End PBXNativeTarget section */

/* Begin PBXProject section */
		28DD3B1B2121EDF200B05A4B /* Project object */ = {
			isa = PBXProject;
			attributes = {
				LastSwiftUpdateCheck = 0940;
				LastUpgradeCheck = 0940;
				ORGANIZATIONNAME = NunoGrilo.com;
				TargetAttributes = {
					28DD3B222121EDF200B05A4B = {
						CreatedOnToolsVersion = 9.4.1;
					};
				};
			};
			buildConfigurationList = 28DD3B1E2121EDF200B05A4B /* Build configuration list for PBXProject "Sherpany Posts" */;
			compatibilityVersion = "Xcode 9.3";
			developmentRegion = en;
			hasScannedForEncodings = 0;
			knownRegions = (
				en,
				Base,
			);
			mainGroup = 28DD3B1A2121EDF200B05A4B;
			productRefGroup = 28DD3B242121EDF200B05A4B /* Products */;
			projectDirPath = "";
			projectRoot = "";
			targets = (
				28DD3B222121EDF200B05A4B /* Sherpany Posts */,
			);
		};
/* End PBXProject section */

/* Begin PBXResourcesBuildPhase section */
		28DD3B212121EDF200B05A4B /* Resources */ = {
			isa = PBXResourcesBuildPhase;
			buildActionMask = 2147483647;
			files = (
				28DD3B362121EDF300B05A4B /* LaunchScreen.storyboard in Resources */,
				28DD3B332121EDF300B05A4B /* Assets.xcassets in Resources */,
				28DD3B312121EDF200B05A4B /* Main.storyboard in Resources */,
			);
			runOnlyForDeploymentPostprocessing = 0;
		};
/* End PBXResourcesBuildPhase section */

/* Begin PBXShellScriptBuildPhase section */
		28ECB145212434F500764592 /* TODO / FIXME / WARN / ERROR */ = {
			isa = PBXShellScriptBuildPhase;
			buildActionMask = 2147483647;
			files = (
			);
			inputPaths = (
			);
			name = "TODO / FIXME / WARN / ERROR";
			outputPaths = (
			);
			runOnlyForDeploymentPostprocessing = 0;
			shellPath = /bin/sh;
			shellScript = "TAGS=\"TODO|FIXME|WARN|\\?\\?\\?:|\\!\\!\\!:\"\nERRORTAG=\"ERROR:|\\?\\?\\?:|\\!\\!\\!:\"\nfind \"${SRCROOT}/Source\" \\( -name \"*.h\" -or -name \"*.m\" -or -name \"*.swift\" -type f \\) -print0 | xargs -0 egrep --with-filename --line-number --only-matching \"($TAGS).*\\$|($ERRORTAG).*\\$\" | perl -p -e \"s/($TAGS)/ warning: \\$1/\" | perl -p -e \"s/($ERRORTAG)/ error: \\$1/\"";
		};
/* End PBXShellScriptBuildPhase section */

/* Begin PBXSourcesBuildPhase section */
		28DD3B1F2121EDF200B05A4B /* Sources */ = {
			isa = PBXSourcesBuildPhase;
			buildActionMask = 2147483647;
			files = (
				28ECB1442123596000764592 /* Photo.swift in Sources */,
				28DD3B272121EDF200B05A4B /* AppDelegate.swift in Sources */,
				28D6F20D2127427000CD6090 /* PostAlbumCollectionViewFlowLayout.swift in Sources */,
				28DD3B2A2121EDF200B05A4B /* Posts.xcdatamodeld in Sources */,
				28D6F215212BFDB600CD6090 /* PhotoController.swift in Sources */,
				286DE1DE212241E600F2ED03 /* Coordinator.swift in Sources */,
				28FC07C12126CD7700C6EE7B /* NoPostDetailsViewController.swift in Sources */,
				28ECB12E2123215400764592 /* APIController.swift in Sources */,
				2827CCDC212F0A91008023EB /* FullscreenPhotoViewController.swift in Sources */,
				28ECB139212348C700764592 /* ModelController.swift in Sources */,
				28ECB134212324EB00764592 /* APIResource.swift in Sources */,
				28111F532122529F00CA324F /* PostsViewController.swift in Sources */,
				28ECB130212321E500764592 /* APIError.swift in Sources */,
				28D6F2092127050400CD6090 /* PostAlbumCollectionViewCell.swift in Sources */,
				28902E06212C7D2C008C0C9F /* PostAlbumHeaderView.swift in Sources */,
				28DD3B2E2121EDF200B05A4B /* PostDetailsViewController.swift in Sources */,
				28ECB1322123220C00764592 /* APIResponse.swift in Sources */,
				28FC07AD21257A6E00C6EE7B /* PostTableViewCell.swift in Sources */,
				28FC07B52125ADA600C6EE7B /* PostSelectedDelegate.swift in Sources */,
				286DE1E02122424600F2ED03 /* Storyboarded.swift in Sources */,
				28CBC2CD2131571B0045A337 /* PostUIFeedbackViewController.swift in Sources */,
				28111F57212258E600CA324F /* PostsDataSource.swift in Sources */,
				28111F512122507A00CA324F /* PostsCoordinator.swift in Sources */,
				28111F4D2122445300CA324F /* MainCoordinator.swift in Sources */,
				28FC07B1212590AE00C6EE7B /* ModelControllerDelegate.swift in Sources */,
				28ECB13621232FF600764592 /* APIRequest.swift in Sources */,
				28ECB13E2123509C00764592 /* Post.swift in Sources */,
				28111F55212255C300CA324F /* PostDetailsCoordinator.swift in Sources */,
				28ECB13C21234A2600764592 /* UIAlertController.swift in Sources */,
				28ECB1402123595300764592 /* User.swift in Sources */,
				28CBC2CF2133F4030045A337 /* String.swift in Sources */,
				28FC07BF2125E79400C6EE7B /* PostDetailsDataSource.swift in Sources */,
				28ECB1422123595B00764592 /* Album.swift in Sources */,
				28FC07B32125995700C6EE7B /* NSPointerArray.swift in Sources */,
				28902E09212DCEAE008C0C9F /* PostDetailsHeaderView.swift in Sources */,
				2827CCDA212F0A1C008023EB /* FullscreenPhotoCoordinator.swift in Sources */,
			);
			runOnlyForDeploymentPostprocessing = 0;
		};
/* End PBXSourcesBuildPhase section */

/* Begin PBXVariantGroup section */
		28DD3B2F2121EDF200B05A4B /* Main.storyboard */ = {
			isa = PBXVariantGroup;
			children = (
				28DD3B302121EDF200B05A4B /* Base */,
			);
			name = Main.storyboard;
			sourceTree = "<group>";
		};
		28DD3B342121EDF300B05A4B /* LaunchScreen.storyboard */ = {
			isa = PBXVariantGroup;
			children = (
				28DD3B352121EDF300B05A4B /* Base */,
			);
			name = LaunchScreen.storyboard;
			sourceTree = "<group>";
		};
/* End PBXVariantGroup section */

/* Begin XCBuildConfiguration section */
		28DD3B382121EDF300B05A4B /* Debug */ = {
			isa = XCBuildConfiguration;
			buildSettings = {
				ALWAYS_SEARCH_USER_PATHS = NO;
				CLANG_ANALYZER_NONNULL = YES;
				CLANG_ANALYZER_NUMBER_OBJECT_CONVERSION = YES_AGGRESSIVE;
				CLANG_CXX_LANGUAGE_STANDARD = "gnu++14";
				CLANG_CXX_LIBRARY = "libc++";
				CLANG_ENABLE_MODULES = YES;
				CLANG_ENABLE_OBJC_ARC = YES;
				CLANG_ENABLE_OBJC_WEAK = YES;
				CLANG_WARN_BLOCK_CAPTURE_AUTORELEASING = YES;
				CLANG_WARN_BOOL_CONVERSION = YES;
				CLANG_WARN_COMMA = YES;
				CLANG_WARN_CONSTANT_CONVERSION = YES;
				CLANG_WARN_DEPRECATED_OBJC_IMPLEMENTATIONS = YES;
				CLANG_WARN_DIRECT_OBJC_ISA_USAGE = YES_ERROR;
				CLANG_WARN_DOCUMENTATION_COMMENTS = YES;
				CLANG_WARN_EMPTY_BODY = YES;
				CLANG_WARN_ENUM_CONVERSION = YES;
				CLANG_WARN_INFINITE_RECURSION = YES;
				CLANG_WARN_INT_CONVERSION = YES;
				CLANG_WARN_NON_LITERAL_NULL_CONVERSION = YES;
				CLANG_WARN_OBJC_IMPLICIT_RETAIN_SELF = YES;
				CLANG_WARN_OBJC_LITERAL_CONVERSION = YES;
				CLANG_WARN_OBJC_ROOT_CLASS = YES_ERROR;
				CLANG_WARN_RANGE_LOOP_ANALYSIS = YES;
				CLANG_WARN_STRICT_PROTOTYPES = YES;
				CLANG_WARN_SUSPICIOUS_MOVE = YES;
				CLANG_WARN_UNGUARDED_AVAILABILITY = YES_AGGRESSIVE;
				CLANG_WARN_UNREACHABLE_CODE = YES;
				CLANG_WARN__DUPLICATE_METHOD_MATCH = YES;
				CODE_SIGN_IDENTITY = "iPhone Developer";
				COPY_PHASE_STRIP = NO;
				DEBUG_INFORMATION_FORMAT = dwarf;
				ENABLE_STRICT_OBJC_MSGSEND = YES;
				ENABLE_TESTABILITY = YES;
				GCC_C_LANGUAGE_STANDARD = gnu11;
				GCC_DYNAMIC_NO_PIC = NO;
				GCC_NO_COMMON_BLOCKS = YES;
				GCC_OPTIMIZATION_LEVEL = 0;
				GCC_PREPROCESSOR_DEFINITIONS = (
					"DEBUG=1",
					"$(inherited)",
				);
				GCC_WARN_64_TO_32_BIT_CONVERSION = YES;
				GCC_WARN_ABOUT_RETURN_TYPE = YES_ERROR;
				GCC_WARN_UNDECLARED_SELECTOR = YES;
				GCC_WARN_UNINITIALIZED_AUTOS = YES_AGGRESSIVE;
				GCC_WARN_UNUSED_FUNCTION = YES;
				GCC_WARN_UNUSED_VARIABLE = YES;
				IPHONEOS_DEPLOYMENT_TARGET = 11.0;
				MTL_ENABLE_DEBUG_INFO = YES;
				ONLY_ACTIVE_ARCH = YES;
				SDKROOT = iphoneos;
				SWIFT_ACTIVE_COMPILATION_CONDITIONS = DEBUG;
				SWIFT_OPTIMIZATION_LEVEL = "-Onone";
			};
			name = Debug;
		};
		28DD3B392121EDF300B05A4B /* Release */ = {
			isa = XCBuildConfiguration;
			buildSettings = {
				ALWAYS_SEARCH_USER_PATHS = NO;
				CLANG_ANALYZER_NONNULL = YES;
				CLANG_ANALYZER_NUMBER_OBJECT_CONVERSION = YES_AGGRESSIVE;
				CLANG_CXX_LANGUAGE_STANDARD = "gnu++14";
				CLANG_CXX_LIBRARY = "libc++";
				CLANG_ENABLE_MODULES = YES;
				CLANG_ENABLE_OBJC_ARC = YES;
				CLANG_ENABLE_OBJC_WEAK = YES;
				CLANG_WARN_BLOCK_CAPTURE_AUTORELEASING = YES;
				CLANG_WARN_BOOL_CONVERSION = YES;
				CLANG_WARN_COMMA = YES;
				CLANG_WARN_CONSTANT_CONVERSION = YES;
				CLANG_WARN_DEPRECATED_OBJC_IMPLEMENTATIONS = YES;
				CLANG_WARN_DIRECT_OBJC_ISA_USAGE = YES_ERROR;
				CLANG_WARN_DOCUMENTATION_COMMENTS = YES;
				CLANG_WARN_EMPTY_BODY = YES;
				CLANG_WARN_ENUM_CONVERSION = YES;
				CLANG_WARN_INFINITE_RECURSION = YES;
				CLANG_WARN_INT_CONVERSION = YES;
				CLANG_WARN_NON_LITERAL_NULL_CONVERSION = YES;
				CLANG_WARN_OBJC_IMPLICIT_RETAIN_SELF = YES;
				CLANG_WARN_OBJC_LITERAL_CONVERSION = YES;
				CLANG_WARN_OBJC_ROOT_CLASS = YES_ERROR;
				CLANG_WARN_RANGE_LOOP_ANALYSIS = YES;
				CLANG_WARN_STRICT_PROTOTYPES = YES;
				CLANG_WARN_SUSPICIOUS_MOVE = YES;
				CLANG_WARN_UNGUARDED_AVAILABILITY = YES_AGGRESSIVE;
				CLANG_WARN_UNREACHABLE_CODE = YES;
				CLANG_WARN__DUPLICATE_METHOD_MATCH = YES;
				CODE_SIGN_IDENTITY = "iPhone Developer";
				COPY_PHASE_STRIP = NO;
				DEBUG_INFORMATION_FORMAT = "dwarf-with-dsym";
				ENABLE_NS_ASSERTIONS = NO;
				ENABLE_STRICT_OBJC_MSGSEND = YES;
				GCC_C_LANGUAGE_STANDARD = gnu11;
				GCC_NO_COMMON_BLOCKS = YES;
				GCC_WARN_64_TO_32_BIT_CONVERSION = YES;
				GCC_WARN_ABOUT_RETURN_TYPE = YES_ERROR;
				GCC_WARN_UNDECLARED_SELECTOR = YES;
				GCC_WARN_UNINITIALIZED_AUTOS = YES_AGGRESSIVE;
				GCC_WARN_UNUSED_FUNCTION = YES;
				GCC_WARN_UNUSED_VARIABLE = YES;
				IPHONEOS_DEPLOYMENT_TARGET = 11.0;
				MTL_ENABLE_DEBUG_INFO = NO;
				SDKROOT = iphoneos;
				SWIFT_COMPILATION_MODE = wholemodule;
				SWIFT_OPTIMIZATION_LEVEL = "-O";
				VALIDATE_PRODUCT = YES;
			};
			name = Release;
		};
		28DD3B3B2121EDF300B05A4B /* Debug */ = {
			isa = XCBuildConfiguration;
			buildSettings = {
				ASSETCATALOG_COMPILER_APPICON_NAME = AppIcon;
				CODE_SIGN_STYLE = Manual;
				DEVELOPMENT_TEAM = "";
				INFOPLIST_FILE = "$(SRCROOT)/Source/Info.plist";
				LD_RUNPATH_SEARCH_PATHS = (
					"$(inherited)",
					"@executable_path/Frameworks",
				);
				PRODUCT_BUNDLE_IDENTIFIER = "com.nunogrilo.Sherpany-Posts";
				PRODUCT_NAME = "$(TARGET_NAME)";
				PROVISIONING_PROFILE_SPECIFIER = "";
				SWIFT_VERSION = 4.0;
				TARGETED_DEVICE_FAMILY = 2;
			};
			name = Debug;
		};
		28DD3B3C2121EDF300B05A4B /* Release */ = {
			isa = XCBuildConfiguration;
			buildSettings = {
				ASSETCATALOG_COMPILER_APPICON_NAME = AppIcon;
				CODE_SIGN_STYLE = Manual;
				DEVELOPMENT_TEAM = "";
				INFOPLIST_FILE = "$(SRCROOT)/Source/Info.plist";
				LD_RUNPATH_SEARCH_PATHS = (
					"$(inherited)",
					"@executable_path/Frameworks",
				);
				PRODUCT_BUNDLE_IDENTIFIER = "com.nunogrilo.Sherpany-Posts";
				PRODUCT_NAME = "$(TARGET_NAME)";
				PROVISIONING_PROFILE_SPECIFIER = "";
				SWIFT_VERSION = 4.0;
				TARGETED_DEVICE_FAMILY = 2;
			};
			name = Release;
		};
/* End XCBuildConfiguration section */

/* Begin XCConfigurationList section */
		28DD3B1E2121EDF200B05A4B /* Build configuration list for PBXProject "Sherpany Posts" */ = {
			isa = XCConfigurationList;
			buildConfigurations = (
				28DD3B382121EDF300B05A4B /* Debug */,
				28DD3B392121EDF300B05A4B /* Release */,
			);
			defaultConfigurationIsVisible = 0;
			defaultConfigurationName = Release;
		};
		28DD3B3A2121EDF300B05A4B /* Build configuration list for PBXNativeTarget "Sherpany Posts" */ = {
			isa = XCConfigurationList;
			buildConfigurations = (
				28DD3B3B2121EDF300B05A4B /* Debug */,
				28DD3B3C2121EDF300B05A4B /* Release */,
			);
			defaultConfigurationIsVisible = 0;
			defaultConfigurationName = Release;
		};
/* End XCConfigurationList section */

/* Begin XCVersionGroup section */
		28DD3B282121EDF200B05A4B /* Posts.xcdatamodeld */ = {
			isa = XCVersionGroup;
			children = (
				28DD3B292121EDF200B05A4B /* Sherpany_Posts.xcdatamodel */,
			);
			currentVersion = 28DD3B292121EDF200B05A4B /* Sherpany_Posts.xcdatamodel */;
			path = Posts.xcdatamodeld;
			sourceTree = "<group>";
			versionGroupType = wrapper.xcdatamodel;
		};
/* End XCVersionGroup section */
	};
	rootObject = 28DD3B1B2121EDF200B05A4B /* Project object */;
}
